
Microsoft Visual Studio Solution File, Format Version 12.00
# Visual Studio Version 17
VisualStudioVersion = 17.9.34616.47
MinimumVisualStudioVersion = 10.0.40219.1
Project("{FAE04EC0-301F-11D3-BF4B-00C04F79EFBC}") = "Veteriner_Takip_Otomasyonu", "Veteriner_Takip_Otomasyonu\Veteriner_Takip_Otomasyonu.csproj", "{7857DFFF-27CF-4916-98F1-56EC70391A01}"
EndProject
Global
	GlobalSection(SolutionConfigurationPlatforms) = preSolution
		Debug|Any CPU = Debug|Any CPU
		Release|Any CPU = Release|Any CPU
	EndGlobalSection
	GlobalSection(ProjectConfigurationPlatforms) = postSolution
		{7857DFFF-27CF-4916-98F1-56EC70391A01}.Debug|Any CPU.ActiveCfg = Debug|Any CPU
		{7857DFFF-27CF-4916-98F1-56EC70391A01}.Debug|Any CPU.Build.0 = Debug|Any CPU
		{7857DFFF-27CF-4916-98F1-56EC70391A01}.Release|Any CPU.ActiveCfg = Release|Any CPU
		{7857DFFF-27CF-4916-98F1-56EC70391A01}.Release|Any CPU.Build.0 = Release|Any CPU
	EndGlobalSection
	GlobalSection(SolutionProperties) = preSolution
		HideSolutionNode = FALSE
	EndGlobalSection
	GlobalSection(ExtensibilityGlobals) = postSolution
		SolutionGuid = {8F7FDF93-460A-4DF2-A9FB-DFFA379254A2}
	EndGlobalSection
EndGlobal
